
Microsoft Visual Studio Solution File, Format Version 12.00
# Visual Studio 15
VisualStudioVersion = 15.0.26430.16
MinimumVisualStudioVersion = 10.0.40219.1
Project("{FAE04EC0-301F-11D3-BF4B-00C04F79EFBC}") = "host", "host\host.csproj", "{A0AA31F7-38C3-48F5-A819-0916E4B6025F}"
EndProject
Global
	GlobalSection(SolutionConfigurationPlatforms) = preSolution
		Debug|Any CPU = Debug|Any CPU
		Release|Any CPU = Release|Any CPU
	EndGlobalSection
	GlobalSection(ProjectConfigurationPlatforms) = postSolution
		{A0AA31F7-38C3-48F5-A819-0916E4B6025F}.Debug|Any CPU.ActiveCfg = Debug|Any CPU
		{A0AA31F7-38C3-48F5-A819-0916E4B6025F}.Debug|Any CPU.Build.0 = Debug|Any CPU
		{A0AA31F7-38C3-48F5-A819-0916E4B6025F}.Release|Any CPU.ActiveCfg = Release|Any CPU
		{A0AA31F7-38C3-48F5-A819-0916E4B6025F}.Release|Any CPU.Build.0 = Release|Any CPU
	EndGlobalSection
	GlobalSection(SolutionProperties) = preSolution
		HideSolutionNode = FALSE
	EndGlobalSection
EndGlobal
